
Microsoft Visual Studio Solution File, Format Version 12.00
# Visual Studio 15
Project("{FAE04EC0-301F-11D3-BF4B-00C04F79EFBC}") = "Assembly-CSharp", "Assembly-CSharp.csproj", "{603CF680-A5B8-A97A-14EC-0EA7D6374DA3}"
EndProject
Project("{FAE04EC0-301F-11D3-BF4B-00C04F79EFBC}") = "Assembly-CSharp-firstpass", "Assembly-CSharp-firstpass.csproj", "{A75F8D91-9279-19B8-05E6-E9C024668A79}"
EndProject
Project("{FAE04EC0-301F-11D3-BF4B-00C04F79EFBC}") = "Assembly-CSharp-Editor-firstpass", "Assembly-CSharp-Editor-firstpass.csproj", "{A1602B30-5DDC-3C57-20F3-B6C80E888B5A}"
EndProject
Project("{FAE04EC0-301F-11D3-BF4B-00C04F79EFBC}") = "Assembly-CSharp-Editor", "Assembly-CSharp-Editor.csproj", "{5513C677-9520-E50F-8544-DF8476924D96}"
EndProject
Global
	GlobalSection(SolutionConfigurationPlatforms) = preSolution
		Debug|Any CPU = Debug|Any CPU
		Release|Any CPU = Release|Any CPU
	EndGlobalSection
	GlobalSection(ProjectConfigurationPlatforms) = postSolution
		{603CF680-A5B8-A97A-14EC-0EA7D6374DA3}.Debug|Any CPU.ActiveCfg = Debug|Any CPU
		{603CF680-A5B8-A97A-14EC-0EA7D6374DA3}.Debug|Any CPU.Build.0 = Debug|Any CPU
		{603CF680-A5B8-A97A-14EC-0EA7D6374DA3}.Release|Any CPU.ActiveCfg = Release|Any CPU
		{603CF680-A5B8-A97A-14EC-0EA7D6374DA3}.Release|Any CPU.Build.0 = Release|Any CPU
		{A75F8D91-9279-19B8-05E6-E9C024668A79}.Debug|Any CPU.ActiveCfg = Debug|Any CPU
		{A75F8D91-9279-19B8-05E6-E9C024668A79}.Debug|Any CPU.Build.0 = Debug|Any CPU
		{A75F8D91-9279-19B8-05E6-E9C024668A79}.Release|Any CPU.ActiveCfg = Release|Any CPU
		{A75F8D91-9279-19B8-05E6-E9C024668A79}.Release|Any CPU.Build.0 = Release|Any CPU
		{A1602B30-5DDC-3C57-20F3-B6C80E888B5A}.Debug|Any CPU.ActiveCfg = Debug|Any CPU
		{A1602B30-5DDC-3C57-20F3-B6C80E888B5A}.Debug|Any CPU.Build.0 = Debug|Any CPU
		{A1602B30-5DDC-3C57-20F3-B6C80E888B5A}.Release|Any CPU.ActiveCfg = Release|Any CPU
		{A1602B30-5DDC-3C57-20F3-B6C80E888B5A}.Release|Any CPU.Build.0 = Release|Any CPU
		{5513C677-9520-E50F-8544-DF8476924D96}.Debug|Any CPU.ActiveCfg = Debug|Any CPU
		{5513C677-9520-E50F-8544-DF8476924D96}.Debug|Any CPU.Build.0 = Debug|Any CPU
		{5513C677-9520-E50F-8544-DF8476924D96}.Release|Any CPU.ActiveCfg = Release|Any CPU
		{5513C677-9520-E50F-8544-DF8476924D96}.Release|Any CPU.Build.0 = Release|Any CPU
	EndGlobalSection
	GlobalSection(SolutionProperties) = preSolution
		HideSolutionNode = FALSE
	EndGlobalSection
EndGlobal
