
Microsoft Visual Studio Solution File, Format Version 12.00
# Visual Studio 15
Project("{FAE04EC0-301F-11D3-BF4B-00C04F79EFBC}") = "Assembly-CSharp", "Assembly-CSharp.csproj", "{997C952B-3D74-C3F7-C97F-4A0309DE852C}"
EndProject
Project("{FAE04EC0-301F-11D3-BF4B-00C04F79EFBC}") = "Assembly-CSharp-firstpass", "Assembly-CSharp-firstpass.csproj", "{3A4AE6BE-735E-FF80-A3B5-7F1516DEBE2B}"
EndProject
Project("{FAE04EC0-301F-11D3-BF4B-00C04F79EFBC}") = "Assembly-CSharp-Editor-firstpass", "Assembly-CSharp-Editor-firstpass.csproj", "{FD568087-5405-CF43-E1E0-3F2A2BB8D082}"
EndProject
Global
	GlobalSection(SolutionConfigurationPlatforms) = preSolution
		Debug|Any CPU = Debug|Any CPU
		Release|Any CPU = Release|Any CPU
	EndGlobalSection
	GlobalSection(ProjectConfigurationPlatforms) = postSolution
		{997C952B-3D74-C3F7-C97F-4A0309DE852C}.Debug|Any CPU.ActiveCfg = Debug|Any CPU
		{997C952B-3D74-C3F7-C97F-4A0309DE852C}.Debug|Any CPU.Build.0 = Debug|Any CPU
		{997C952B-3D74-C3F7-C97F-4A0309DE852C}.Release|Any CPU.ActiveCfg = Release|Any CPU
		{997C952B-3D74-C3F7-C97F-4A0309DE852C}.Release|Any CPU.Build.0 = Release|Any CPU
		{3A4AE6BE-735E-FF80-A3B5-7F1516DEBE2B}.Debug|Any CPU.ActiveCfg = Debug|Any CPU
		{3A4AE6BE-735E-FF80-A3B5-7F1516DEBE2B}.Debug|Any CPU.Build.0 = Debug|Any CPU
		{3A4AE6BE-735E-FF80-A3B5-7F1516DEBE2B}.Release|Any CPU.ActiveCfg = Release|Any CPU
		{3A4AE6BE-735E-FF80-A3B5-7F1516DEBE2B}.Release|Any CPU.Build.0 = Release|Any CPU
		{FD568087-5405-CF43-E1E0-3F2A2BB8D082}.Debug|Any CPU.ActiveCfg = Debug|Any CPU
		{FD568087-5405-CF43-E1E0-3F2A2BB8D082}.Debug|Any CPU.Build.0 = Debug|Any CPU
		{FD568087-5405-CF43-E1E0-3F2A2BB8D082}.Release|Any CPU.ActiveCfg = Release|Any CPU
		{FD568087-5405-CF43-E1E0-3F2A2BB8D082}.Release|Any CPU.Build.0 = Release|Any CPU
	EndGlobalSection
	GlobalSection(SolutionProperties) = preSolution
		HideSolutionNode = FALSE
	EndGlobalSection
EndGlobal
