
Microsoft Visual Studio Solution File, Format Version 12.00
# Visual Studio 15
Project("{FAE04EC0-301F-11D3-BF4B-00C04F79EFBC}") = "Assembly-CSharp", "Assembly-CSharp.csproj", "{2B48929F-38BC-07BA-C4CD-294FAFABC72F}"
EndProject
Project("{FAE04EC0-301F-11D3-BF4B-00C04F79EFBC}") = "Assembly-CSharp", "Assembly-CSharp.Player.csproj", "{932E2237-7763-FD0D-C854-FE23CC2BCA5A}"
EndProject
Global
	GlobalSection(SolutionConfigurationPlatforms) = preSolution
		Debug|Any CPU = Debug|Any CPU
		Release|Any CPU = Release|Any CPU
	EndGlobalSection
	GlobalSection(ProjectConfigurationPlatforms) = postSolution
		{2B48929F-38BC-07BA-C4CD-294FAFABC72F}.Debug|Any CPU.ActiveCfg = Debug|Any CPU
		{2B48929F-38BC-07BA-C4CD-294FAFABC72F}.Debug|Any CPU.Build.0 = Debug|Any CPU
		{2B48929F-38BC-07BA-C4CD-294FAFABC72F}.Release|Any CPU.ActiveCfg = Release|Any CPU
		{2B48929F-38BC-07BA-C4CD-294FAFABC72F}.Release|Any CPU.Build.0 = Release|Any CPU
		{932E2237-7763-FD0D-C854-FE23CC2BCA5A}.Debug|Any CPU.ActiveCfg = Debug|Any CPU
		{932E2237-7763-FD0D-C854-FE23CC2BCA5A}.Debug|Any CPU.Build.0 = Debug|Any CPU
		{932E2237-7763-FD0D-C854-FE23CC2BCA5A}.Release|Any CPU.ActiveCfg = Release|Any CPU
		{932E2237-7763-FD0D-C854-FE23CC2BCA5A}.Release|Any CPU.Build.0 = Release|Any CPU
	EndGlobalSection
	GlobalSection(SolutionProperties) = preSolution
		HideSolutionNode = FALSE
	EndGlobalSection
EndGlobal
