
Microsoft Visual Studio Solution File, Format Version 12.00
# Visual Studio 15
Project("{FAE04EC0-301F-11D3-BF4B-00C04F79EFBC}") = "Assembly-CSharp", "Assembly-CSharp.csproj", "{14F12B0B-0CE1-8E7C-C39C-3F65D806D0BA}"
EndProject
Project("{FAE04EC0-301F-11D3-BF4B-00C04F79EFBC}") = "Assembly-CSharp-Editor", "Assembly-CSharp-Editor.csproj", "{44A21D42-9580-79EC-A9AD-7652A28645D6}"
EndProject
Global
	GlobalSection(SolutionConfigurationPlatforms) = preSolution
		Debug|Any CPU = Debug|Any CPU
		Release|Any CPU = Release|Any CPU
	EndGlobalSection
	GlobalSection(ProjectConfigurationPlatforms) = postSolution
		{14F12B0B-0CE1-8E7C-C39C-3F65D806D0BA}.Debug|Any CPU.ActiveCfg = Debug|Any CPU
		{14F12B0B-0CE1-8E7C-C39C-3F65D806D0BA}.Debug|Any CPU.Build.0 = Debug|Any CPU
		{14F12B0B-0CE1-8E7C-C39C-3F65D806D0BA}.Release|Any CPU.ActiveCfg = Release|Any CPU
		{14F12B0B-0CE1-8E7C-C39C-3F65D806D0BA}.Release|Any CPU.Build.0 = Release|Any CPU
		{44A21D42-9580-79EC-A9AD-7652A28645D6}.Debug|Any CPU.ActiveCfg = Debug|Any CPU
		{44A21D42-9580-79EC-A9AD-7652A28645D6}.Debug|Any CPU.Build.0 = Debug|Any CPU
		{44A21D42-9580-79EC-A9AD-7652A28645D6}.Release|Any CPU.ActiveCfg = Release|Any CPU
		{44A21D42-9580-79EC-A9AD-7652A28645D6}.Release|Any CPU.Build.0 = Release|Any CPU
	EndGlobalSection
	GlobalSection(SolutionProperties) = preSolution
		HideSolutionNode = FALSE
	EndGlobalSection
EndGlobal
